PODS:
  - Alamofire (3.4.0)
  - Mantle (2.0.7):
    - Mantle/extobjc (= 2.0.7)
  - Mantle/extobjc (2.0.7)
  - SDWebImage (3.8.1):
    - SDWebImage/Core (= 3.8.1)
  - SDWebImage/Core (3.8.1)
  - SVProgressHUD (2.0.3)
  - SwiftHEXColors (1.0.4)
  - SwiftyUserDefaults (2.2.0)
  - UIAlertControllerExtension (1.1)
  - youtube-ios-player-helper (0.1.6)

DEPENDENCIES:
  - Alamofire (~> 3.4)
  - Mantle (~> 2.0)
  - SDWebImage (~> 3.8)
  - SVProgressHUD (~> 2.0)
  - SwiftHEXColors (~> 1.0)
  - SwiftyUserDefaults (~> 2.2)
  - UIAlertControllerExtension (~> 1.1)
  - youtube-ios-player-helper (~> 0.1)

SPEC CHECKSUMS:
  Alamofire: c19a627cefd6a95f840401c49ab1f124e07f54ee
  Mantle: bc40bb061d8c2c6fb48d5083e04d928c3b7f73d9
  SDWebImage: 35f9627a3e44b4f292a8a8ce6a531fa488239b91
  SVProgressHUD: b0830714205bea1317ea1a2ebc71e5633af334d4
  SwiftHEXColors: b0ecc7bd83a1aa2e1956f9ba51f55ebb2bcf86ef
  SwiftyUserDefaults: e7c8197a9d4068702e7f2406a968cae413b8de27
  UIAlertControllerExtension: d3aaf48590f182096b8bb81997ae54f24ccc07ab
  youtube-ios-player-helper: 21ab92db027c7ff86cb17a3843a3f6eafc8158d2

PODFILE CHECKSUM: d72a17c2af64736a8f6be18c01c4b142c961dddf

COCOAPODS: 1.0.1
