// !$*UTF8*$!
{
	archiveVersion = 1;
	classes = {
	};
	objectVersion = 46;
	objects = {

/* Begin PBXBuildFile section */
		11C95B58935B7C084479B273 /* Pods_icaew.framework in Frameworks */ = {isa = PBXBuildFile; fileRef = A4D129A2C174A04503AF7979 /* Pods_icaew.framework */; };
		2F7725DBC113C4FF81153D28 /* Pods_icaewUITests.framework in Frameworks */ = {isa = PBXBuildFile; fileRef = 730C4341F42939BE9B069F39 /* Pods_icaewUITests.framework */; };
		5496979489430A3C4BF4B90F /* Pods_icaewTests.framework in Frameworks */ = {isa = PBXBuildFile; fileRef = AA817776282BCDE5738959CB /* Pods_icaewTests.framework */; };
		9312D0981D33872300B00E8C /* ProgrammeDetailViewController.swift in Sources */ = {isa = PBXBuildFile; fileRef = 9312D0961D33872300B00E8C /* ProgrammeDetailViewController.swift */; };
		9312D0991D33872300B00E8C /* ProgrammeDetailViewController.xib in Resources */ = {isa = PBXBuildFile; fileRef = 9312D0971D33872300B00E8C /* ProgrammeDetailViewController.xib */; };
		9312D09C1D33A4D300B00E8C /* ContactDetailViewController.swift in Sources */ = {isa = PBXBuildFile; fileRef = 9312D09A1D33A4D300B00E8C /* ContactDetailViewController.swift */; };
		9312D09D1D33A4D300B00E8C /* ContactDetailViewController.xib in Resources */ = {isa = PBXBuildFile; fileRef = 9312D09B1D33A4D300B00E8C /* ContactDetailViewController.xib */; };
		9312D09F1D33AA4400B00E8C /* Contact.swift in Sources */ = {isa = PBXBuildFile; fileRef = 9312D09E1D33AA4400B00E8C /* Contact.swift */; };
		9312D0A91D35032900B00E8C /* Event.swift in Sources */ = {isa = PBXBuildFile; fileRef = 9312D0A81D35032900B00E8C /* Event.swift */; };
		9312D0B01D350C9F00B00E8C /* EventListViewController.swift in Sources */ = {isa = PBXBuildFile; fileRef = 9312D0AE1D350C9F00B00E8C /* EventListViewController.swift */; };
		9312D0B11D350C9F00B00E8C /* EventListViewController.xib in Resources */ = {isa = PBXBuildFile; fileRef = 9312D0AF1D350C9F00B00E8C /* EventListViewController.xib */; };
		938E085D1D2677E200CAAFDA /* ProgrammesTableViewCell.swift in Sources */ = {isa = PBXBuildFile; fileRef = 938E085B1D2677E200CAAFDA /* ProgrammesTableViewCell.swift */; };
		938E085E1D2677E200CAAFDA /* ProgrammesTableViewCell.xib in Resources */ = {isa = PBXBuildFile; fileRef = 938E085C1D2677E200CAAFDA /* ProgrammesTableViewCell.xib */; };
		938E08611D335D9A00CAAFDA /* Programme.swift in Sources */ = {isa = PBXBuildFile; fileRef = 938E08601D335D9A00CAAFDA /* Programme.swift */; };
		DA00A44D1D237BEA00CDEA7B /* AppDelegate.swift in Sources */ = {isa = PBXBuildFile; fileRef = DA00A44C1D237BEA00CDEA7B /* AppDelegate.swift */; };
		DA00A4591D237BEA00CDEA7B /* LaunchScreen.storyboard in Resources */ = {isa = PBXBuildFile; fileRef = DA00A4571D237BEA00CDEA7B /* LaunchScreen.storyboard */; };
		DA00A4641D237BEA00CDEA7B /* icaewTests.swift in Sources */ = {isa = PBXBuildFile; fileRef = DA00A4631D237BEA00CDEA7B /* icaewTests.swift */; };
		DA00A46F1D237BEA00CDEA7B /* icaewUITests.swift in Sources */ = {isa = PBXBuildFile; fileRef = DA00A46E1D237BEA00CDEA7B /* icaewUITests.swift */; };
		DA00A48B1D23A9E900CDEA7B /* APIHelper.swift in Sources */ = {isa = PBXBuildFile; fileRef = DA00A47D1D23A9E900CDEA7B /* APIHelper.swift */; };
		DA00A48C1D23A9E900CDEA7B /* FoundationHelper.swift in Sources */ = {isa = PBXBuildFile; fileRef = DA00A47E1D23A9E900CDEA7B /* FoundationHelper.swift */; };
		DA00A48D1D23A9E900CDEA7B /* NetworkHelper.swift in Sources */ = {isa = PBXBuildFile; fileRef = DA00A47F1D23A9E900CDEA7B /* NetworkHelper.swift */; };
		DA00A48E1D23A9E900CDEA7B /* UIKitHelper.swift in Sources */ = {isa = PBXBuildFile; fileRef = DA00A4801D23A9E900CDEA7B /* UIKitHelper.swift */; };
		DA00A48F1D23A9E900CDEA7B /* Assets.xcassets in Resources */ = {isa = PBXBuildFile; fileRef = DA00A48A1D23A9E900CDEA7B /* Assets.xcassets */; };
		DA00A4921D23BA6300CDEA7B /* BaseTabBarController.swift in Sources */ = {isa = PBXBuildFile; fileRef = DA00A4901D23BA6300CDEA7B /* BaseTabBarController.swift */; };
		DA00A4931D23BA6300CDEA7B /* BaseViewController.swift in Sources */ = {isa = PBXBuildFile; fileRef = DA00A4911D23BA6300CDEA7B /* BaseViewController.swift */; };
		DA00A4961D23BA8600CDEA7B /* ProgrammesViewController.swift in Sources */ = {isa = PBXBuildFile; fileRef = DA00A4941D23BA8600CDEA7B /* ProgrammesViewController.swift */; };
		DA00A4971D23BA8600CDEA7B /* ProgrammesViewController.xib in Resources */ = {isa = PBXBuildFile; fileRef = DA00A4951D23BA8600CDEA7B /* ProgrammesViewController.xib */; };
		DA00A4A21D23BB2700CDEA7B /* AboutViewController.swift in Sources */ = {isa = PBXBuildFile; fileRef = DA00A4A01D23BB2700CDEA7B /* AboutViewController.swift */; };
		DA00A4A31D23BB2700CDEA7B /* AboutViewController.xib in Resources */ = {isa = PBXBuildFile; fileRef = DA00A4A11D23BB2700CDEA7B /* AboutViewController.xib */; };
		DA00A4A61D23BB4500CDEA7B /* ContactCountryListViewController.swift in Sources */ = {isa = PBXBuildFile; fileRef = DA00A4A41D23BB4500CDEA7B /* ContactCountryListViewController.swift */; };
		DA00A4A71D23BB4500CDEA7B /* ContactCountryListViewController.xib in Resources */ = {isa = PBXBuildFile; fileRef = DA00A4A51D23BB4500CDEA7B /* ContactCountryListViewController.xib */; };
		DA0E07811D33861F00E5A29C /* DynamicTextCell.swift in Sources */ = {isa = PBXBuildFile; fileRef = DA0E077F1D33861F00E5A29C /* DynamicTextCell.swift */; };
		DA0E07821D33861F00E5A29C /* DynamicTextCell.xib in Resources */ = {isa = PBXBuildFile; fileRef = DA0E07801D33861F00E5A29C /* DynamicTextCell.xib */; };
		DA0E07851D33A35100E5A29C /* CountryViewController.swift in Sources */ = {isa = PBXBuildFile; fileRef = DA0E07831D33A35100E5A29C /* CountryViewController.swift */; };
		DA0E07861D33A35100E5A29C /* CountryViewController.xib in Resources */ = {isa = PBXBuildFile; fileRef = DA0E07841D33A35100E5A29C /* CountryViewController.xib */; };
		DA1D18591D34D5B6002386E0 /* Country.swift in Sources */ = {isa = PBXBuildFile; fileRef = DA1D18581D34D5B6002386E0 /* Country.swift */; };
		DA1D185C1D34DDEE002386E0 /* CountryCell.swift in Sources */ = {isa = PBXBuildFile; fileRef = DA1D185A1D34DDEE002386E0 /* CountryCell.swift */; };
		DA1D185D1D34DDEE002386E0 /* CountryCell.xib in Resources */ = {isa = PBXBuildFile; fileRef = DA1D185B1D34DDEE002386E0 /* CountryCell.xib */; };
		DA1D18601D34FE23002386E0 /* UniversityDetailViewController.swift in Sources */ = {isa = PBXBuildFile; fileRef = DA1D185E1D34FE23002386E0 /* UniversityDetailViewController.swift */; };
		DA1D18611D34FE23002386E0 /* UniversityDetailViewController.xib in Resources */ = {isa = PBXBuildFile; fileRef = DA1D185F1D34FE23002386E0 /* UniversityDetailViewController.xib */; };
/* End PBXBuildFile section */

/* Begin PBXContainerItemProxy section */
		DA00A4601D237BEA00CDEA7B /* PBXContainerItemProxy */ = {
			isa = PBXContainerItemProxy;
			containerPortal = DA00A4411D237BE900CDEA7B /* Project object */;
			proxyType = 1;
			remoteGlobalIDString = DA00A4481D237BEA00CDEA7B;
			remoteInfo = icaew;
		};
		DA00A46B1D237BEA00CDEA7B /* PBXContainerItemProxy */ = {
			isa = PBXContainerItemProxy;
			containerPortal = DA00A4411D237BE900CDEA7B /* Project object */;
			proxyType = 1;
			remoteGlobalIDString = DA00A4481D237BEA00CDEA7B;
			remoteInfo = icaew;
		};
/* End PBXContainerItemProxy section */

/* Begin PBXFileReference section */
		08968D4F3618A0714F4C0069 /* Pods-icaew.debug.xcconfig */ = {isa = PBXFileReference; includeInIndex = 1; lastKnownFileType = text.xcconfig; name = "Pods-icaew.debug.xcconfig"; path = "Pods/Target Support Files/Pods-icaew/Pods-icaew.debug.xcconfig"; sourceTree = "<group>"; };
		2FF94DF2B21FEBA56FDBBBB7 /* Pods-icaewTests.debug.xcconfig */ = {isa = PBXFileReference; includeInIndex = 1; lastKnownFileType = text.xcconfig; name = "Pods-icaewTests.debug.xcconfig"; path = "Pods/Target Support Files/Pods-icaewTests/Pods-icaewTests.debug.xcconfig"; sourceTree = "<group>"; };
		730C4341F42939BE9B069F39 /* Pods_icaewUITests.framework */ = {isa = PBXFileReference; explicitFileType = wrapper.framework; includeInIndex = 0; path = Pods_icaewUITests.framework; sourceTree = BUILT_PRODUCTS_DIR; };
		780F19071E0500EBF17C24BF /* Pods-icaewUITests.debug.xcconfig */ = {isa = PBXFileReference; includeInIndex = 1; lastKnownFileType = text.xcconfig; name = "Pods-icaewUITests.debug.xcconfig"; path = "Pods/Target Support Files/Pods-icaewUITests/Pods-icaewUITests.debug.xcconfig"; sourceTree = "<group>"; };
		9312D0961D33872300B00E8C /* ProgrammeDetailViewController.swift */ = {isa = PBXFileReference; fileEncoding = 4; lastKnownFileType = sourcecode.swift; path = ProgrammeDetailViewController.swift; sourceTree = "<group>"; };
		9312D0971D33872300B00E8C /* ProgrammeDetailViewController.xib */ = {isa = PBXFileReference; fileEncoding = 4; lastKnownFileType = file.xib; path = ProgrammeDetailViewController.xib; sourceTree = "<group>"; };
		9312D09A1D33A4D300B00E8C /* ContactDetailViewController.swift */ = {isa = PBXFileReference; fileEncoding = 4; lastKnownFileType = sourcecode.swift; path = ContactDetailViewController.swift; sourceTree = "<group>"; };
		9312D09B1D33A4D300B00E8C /* ContactDetailViewController.xib */ = {isa = PBXFileReference; fileEncoding = 4; lastKnownFileType = file.xib; path = ContactDetailViewController.xib; sourceTree = "<group>"; };
		9312D09E1D33AA4400B00E8C /* Contact.swift */ = {isa = PBXFileReference; fileEncoding = 4; lastKnownFileType = sourcecode.swift; path = Contact.swift; sourceTree = "<group>"; };
		9312D0A81D35032900B00E8C /* Event.swift */ = {isa = PBXFileReference; fileEncoding = 4; lastKnownFileType = sourcecode.swift; path = Event.swift; sourceTree = "<group>"; };
		9312D0AE1D350C9F00B00E8C /* EventListViewController.swift */ = {isa = PBXFileReference; fileEncoding = 4; lastKnownFileType = sourcecode.swift; path = EventListViewController.swift; sourceTree = "<group>"; };
		9312D0AF1D350C9F00B00E8C /* EventListViewController.xib */ = {isa = PBXFileReference; fileEncoding = 4; lastKnownFileType = file.xib; path = EventListViewController.xib; sourceTree = "<group>"; };
		938E085B1D2677E200CAAFDA /* ProgrammesTableViewCell.swift */ = {isa = PBXFileReference; fileEncoding = 4; lastKnownFileType = sourcecode.swift; path = ProgrammesTableViewCell.swift; sourceTree = "<group>"; };
		938E085C1D2677E200CAAFDA /* ProgrammesTableViewCell.xib */ = {isa = PBXFileReference; fileEncoding = 4; lastKnownFileType = file.xib; path = ProgrammesTableViewCell.xib; sourceTree = "<group>"; };
		938E08601D335D9A00CAAFDA /* Programme.swift */ = {isa = PBXFileReference; fileEncoding = 4; lastKnownFileType = sourcecode.swift; path = Programme.swift; sourceTree = "<group>"; };
		943C322C20F90EBC1B26C217 /* Pods-icaew.release.xcconfig */ = {isa = PBXFileReference; includeInIndex = 1; lastKnownFileType = text.xcconfig; name = "Pods-icaew.release.xcconfig"; path = "Pods/Target Support Files/Pods-icaew/Pods-icaew.release.xcconfig"; sourceTree = "<group>"; };
		A4D129A2C174A04503AF7979 /* Pods_icaew.framework */ = {isa = PBXFileReference; explicitFileType = wrapper.framework; includeInIndex = 0; path = Pods_icaew.framework; sourceTree = BUILT_PRODUCTS_DIR; };
		AA817776282BCDE5738959CB /* Pods_icaewTests.framework */ = {isa = PBXFileReference; explicitFileType = wrapper.framework; includeInIndex = 0; path = Pods_icaewTests.framework; sourceTree = BUILT_PRODUCTS_DIR; };
		DA00A4491D237BEA00CDEA7B /* icaew.app */ = {isa = PBXFileReference; explicitFileType = wrapper.application; includeInIndex = 0; path = icaew.app; sourceTree = BUILT_PRODUCTS_DIR; };
		DA00A44C1D237BEA00CDEA7B /* AppDelegate.swift */ = {isa = PBXFileReference; lastKnownFileType = sourcecode.swift; path = AppDelegate.swift; sourceTree = "<group>"; };
		DA00A4581D237BEA00CDEA7B /* Base */ = {isa = PBXFileReference; lastKnownFileType = file.storyboard; name = Base; path = Base.lproj/LaunchScreen.storyboard; sourceTree = "<group>"; };
		DA00A45A1D237BEA00CDEA7B /* Info.plist */ = {isa = PBXFileReference; lastKnownFileType = text.plist.xml; path = Info.plist; sourceTree = "<group>"; };
		DA00A45F1D237BEA00CDEA7B /* icaewTests.xctest */ = {isa = PBXFileReference; explicitFileType = wrapper.cfbundle; includeInIndex = 0; path = icaewTests.xctest; sourceTree = BUILT_PRODUCTS_DIR; };
		DA00A4631D237BEA00CDEA7B /* icaewTests.swift */ = {isa = PBXFileReference; lastKnownFileType = sourcecode.swift; path = icaewTests.swift; sourceTree = "<group>"; };
		DA00A4651D237BEA00CDEA7B /* Info.plist */ = {isa = PBXFileReference; lastKnownFileType = text.plist.xml; path = Info.plist; sourceTree = "<group>"; };
		DA00A46A1D237BEA00CDEA7B /* icaewUITests.xctest */ = {isa = PBXFileReference; explicitFileType = wrapper.cfbundle; includeInIndex = 0; path = icaewUITests.xctest; sourceTree = BUILT_PRODUCTS_DIR; };
		DA00A46E1D237BEA00CDEA7B /* icaewUITests.swift */ = {isa = PBXFileReference; lastKnownFileType = sourcecode.swift; path = icaewUITests.swift; sourceTree = "<group>"; };
		DA00A4701D237BEA00CDEA7B /* Info.plist */ = {isa = PBXFileReference; lastKnownFileType = text.plist.xml; path = Info.plist; sourceTree = "<group>"; };
		DA00A47D1D23A9E900CDEA7B /* APIHelper.swift */ = {isa = PBXFileReference; fileEncoding = 4; lastKnownFileType = sourcecode.swift; path = APIHelper.swift; sourceTree = "<group>"; };
		DA00A47E1D23A9E900CDEA7B /* FoundationHelper.swift */ = {isa = PBXFileReference; fileEncoding = 4; lastKnownFileType = sourcecode.swift; path = FoundationHelper.swift; sourceTree = "<group>"; };
		DA00A47F1D23A9E900CDEA7B /* NetworkHelper.swift */ = {isa = PBXFileReference; fileEncoding = 4; lastKnownFileType = sourcecode.swift; path = NetworkHelper.swift; sourceTree = "<group>"; };
		DA00A4801D23A9E900CDEA7B /* UIKitHelper.swift */ = {isa = PBXFileReference; fileEncoding = 4; lastKnownFileType = sourcecode.swift; path = UIKitHelper.swift; sourceTree = "<group>"; };
		DA00A48A1D23A9E900CDEA7B /* Assets.xcassets */ = {isa = PBXFileReference; lastKnownFileType = folder.assetcatalog; path = Assets.xcassets; sourceTree = "<group>"; };
		DA00A4901D23BA6300CDEA7B /* BaseTabBarController.swift */ = {isa = PBXFileReference; fileEncoding = 4; lastKnownFileType = sourcecode.swift; path = BaseTabBarController.swift; sourceTree = "<group>"; };
		DA00A4911D23BA6300CDEA7B /* BaseViewController.swift */ = {isa = PBXFileReference; fileEncoding = 4; lastKnownFileType = sourcecode.swift; path = BaseViewController.swift; sourceTree = "<group>"; };
		DA00A4941D23BA8600CDEA7B /* ProgrammesViewController.swift */ = {isa = PBXFileReference; fileEncoding = 4; lastKnownFileType = sourcecode.swift; path = ProgrammesViewController.swift; sourceTree = "<group>"; };
		DA00A4951D23BA8600CDEA7B /* ProgrammesViewController.xib */ = {isa = PBXFileReference; fileEncoding = 4; lastKnownFileType = file.xib; path = ProgrammesViewController.xib; sourceTree = "<group>"; };
		DA00A4A01D23BB2700CDEA7B /* AboutViewController.swift */ = {isa = PBXFileReference; fileEncoding = 4; lastKnownFileType = sourcecode.swift; path = AboutViewController.swift; sourceTree = "<group>"; };
		DA00A4A11D23BB2700CDEA7B /* AboutViewController.xib */ = {isa = PBXFileReference; fileEncoding = 4; lastKnownFileType = file.xib; path = AboutViewController.xib; sourceTree = "<group>"; };
		DA00A4A41D23BB4500CDEA7B /* ContactCountryListViewController.swift */ = {isa = PBXFileReference; fileEncoding = 4; lastKnownFileType = sourcecode.swift; path = ContactCountryListViewController.swift; sourceTree = "<group>"; };
		DA00A4A51D23BB4500CDEA7B /* ContactCountryListViewController.xib */ = {isa = PBXFileReference; fileEncoding = 4; lastKnownFileType = file.xib; path = ContactCountryListViewController.xib; sourceTree = "<group>"; };
		DA0E077F1D33861F00E5A29C /* DynamicTextCell.swift */ = {isa = PBXFileReference; fileEncoding = 4; lastKnownFileType = sourcecode.swift; path = DynamicTextCell.swift; sourceTree = "<group>"; };
		DA0E07801D33861F00E5A29C /* DynamicTextCell.xib */ = {isa = PBXFileReference; fileEncoding = 4; lastKnownFileType = file.xib; path = DynamicTextCell.xib; sourceTree = "<group>"; };
		DA0E07831D33A35100E5A29C /* CountryViewController.swift */ = {isa = PBXFileReference; fileEncoding = 4; lastKnownFileType = sourcecode.swift; path = CountryViewController.swift; sourceTree = "<group>"; };
		DA0E07841D33A35100E5A29C /* CountryViewController.xib */ = {isa = PBXFileReference; fileEncoding = 4; lastKnownFileType = file.xib; path = CountryViewController.xib; sourceTree = "<group>"; };
		DA1D18581D34D5B6002386E0 /* Country.swift */ = {isa = PBXFileReference; fileEncoding = 4; lastKnownFileType = sourcecode.swift; path = Country.swift; sourceTree = "<group>"; };
		DA1D185A1D34DDEE002386E0 /* CountryCell.swift */ = {isa = PBXFileReference; fileEncoding = 4; lastKnownFileType = sourcecode.swift; path = CountryCell.swift; sourceTree = "<group>"; };
		DA1D185B1D34DDEE002386E0 /* CountryCell.xib */ = {isa = PBXFileReference; fileEncoding = 4; lastKnownFileType = file.xib; path = CountryCell.xib; sourceTree = "<group>"; };
		DA1D185E1D34FE23002386E0 /* UniversityDetailViewController.swift */ = {isa = PBXFileReference; fileEncoding = 4; lastKnownFileType = sourcecode.swift; path = UniversityDetailViewController.swift; sourceTree = "<group>"; };
		DA1D185F1D34FE23002386E0 /* UniversityDetailViewController.xib */ = {isa = PBXFileReference; fileEncoding = 4; lastKnownFileType = file.xib; path = UniversityDetailViewController.xib; sourceTree = "<group>"; };
		DF3D20665CF70BA7270597B9 /* Pods-icaewTests.release.xcconfig */ = {isa = PBXFileReference; includeInIndex = 1; lastKnownFileType = text.xcconfig; name = "Pods-icaewTests.release.xcconfig"; path = "Pods/Target Support Files/Pods-icaewTests/Pods-icaewTests.release.xcconfig"; sourceTree = "<group>"; };
		ECDFA172AD05F163FD57425C /* Pods-icaewUITests.release.xcconfig */ = {isa = PBXFileReference; includeInIndex = 1; lastKnownFileType = text.xcconfig; name = "Pods-icaewUITests.release.xcconfig"; path = "Pods/Target Support Files/Pods-icaewUITests/Pods-icaewUITests.release.xcconfig"; sourceTree = "<group>"; };
/* End PBXFileReference section */

/* Begin PBXFrameworksBuildPhase section */
		DA00A4461D237BEA00CDEA7B /* Frameworks */ = {
			isa = PBXFrameworksBuildPhase;
			buildActionMask = 2147483647;
			files = (
				11C95B58935B7C084479B273 /* Pods_icaew.framework in Frameworks */,
			);
			runOnlyForDeploymentPostprocessing = 0;
		};
		DA00A45C1D237BEA00CDEA7B /* Frameworks */ = {
			isa = PBXFrameworksBuildPhase;
			buildActionMask = 2147483647;
			files = (
				5496979489430A3C4BF4B90F /* Pods_icaewTests.framework in Frameworks */,
			);
			runOnlyForDeploymentPostprocessing = 0;
		};
		DA00A4671D237BEA00CDEA7B /* Frameworks */ = {
			isa = PBXFrameworksBuildPhase;
			buildActionMask = 2147483647;
			files = (
				2F7725DBC113C4FF81153D28 /* Pods_icaewUITests.framework in Frameworks */,
			);
			runOnlyForDeploymentPostprocessing = 0;
		};
/* End PBXFrameworksBuildPhase section */

/* Begin PBXGroup section */
		938E08591D2677CA00CAAFDA /* Views */ = {
			isa = PBXGroup;
			children = (
				938E085A1D2677CA00CAAFDA /* Programmes */,
				DA0E077F1D33861F00E5A29C /* DynamicTextCell.swift */,
				DA0E07801D33861F00E5A29C /* DynamicTextCell.xib */,
				DA1D185A1D34DDEE002386E0 /* CountryCell.swift */,
				DA1D185B1D34DDEE002386E0 /* CountryCell.xib */,
			);
			path = Views;
			sourceTree = "<group>";
		};
		938E085A1D2677CA00CAAFDA /* Programmes */ = {
			isa = PBXGroup;
			children = (
				938E085B1D2677E200CAAFDA /* ProgrammesTableViewCell.swift */,
				938E085C1D2677E200CAAFDA /* ProgrammesTableViewCell.xib */,
			);
			path = Programmes;
			sourceTree = "<group>";
		};
		938E085F1D335D7B00CAAFDA /* Models */ = {
			isa = PBXGroup;
			children = (
				938E08601D335D9A00CAAFDA /* Programme.swift */,
				DA1D18581D34D5B6002386E0 /* Country.swift */,
				9312D09E1D33AA4400B00E8C /* Contact.swift */,
				9312D0A81D35032900B00E8C /* Event.swift */,
			);
			path = Models;
			sourceTree = "<group>";
		};
		A336AB3013CFEB4530944BBC /* Frameworks */ = {
			isa = PBXGroup;
			children = (
				A4D129A2C174A04503AF7979 /* Pods_icaew.framework */,
				AA817776282BCDE5738959CB /* Pods_icaewTests.framework */,
				730C4341F42939BE9B069F39 /* Pods_icaewUITests.framework */,
			);
			name = Frameworks;
			sourceTree = "<group>";
		};
		B1B76D9EC4BF8E0F6A8B98DF /* Pods */ = {
			isa = PBXGroup;
			children = (
				08968D4F3618A0714F4C0069 /* Pods-icaew.debug.xcconfig */,
				943C322C20F90EBC1B26C217 /* Pods-icaew.release.xcconfig */,
				2FF94DF2B21FEBA56FDBBBB7 /* Pods-icaewTests.debug.xcconfig */,
				DF3D20665CF70BA7270597B9 /* Pods-icaewTests.release.xcconfig */,
				780F19071E0500EBF17C24BF /* Pods-icaewUITests.debug.xcconfig */,
				ECDFA172AD05F163FD57425C /* Pods-icaewUITests.release.xcconfig */,
			);
			name = Pods;
			sourceTree = "<group>";
		};
		DA00A4401D237BE900CDEA7B = {
			isa = PBXGroup;
			children = (
				DA00A44B1D237BEA00CDEA7B /* icaew */,
				DA00A4621D237BEA00CDEA7B /* icaewTests */,
				DA00A46D1D237BEA00CDEA7B /* icaewUITests */,
				DA00A44A1D237BEA00CDEA7B /* Products */,
				B1B76D9EC4BF8E0F6A8B98DF /* Pods */,
				A336AB3013CFEB4530944BBC /* Frameworks */,
			);
			sourceTree = "<group>";
		};
		DA00A44A1D237BEA00CDEA7B /* Products */ = {
			isa = PBXGroup;
			children = (
				DA00A4491D237BEA00CDEA7B /* icaew.app */,
				DA00A45F1D237BEA00CDEA7B /* icaewTests.xctest */,
				DA00A46A1D237BEA00CDEA7B /* icaewUITests.xctest */,
			);
			name = Products;
			sourceTree = "<group>";
		};
		DA00A44B1D237BEA00CDEA7B /* icaew */ = {
			isa = PBXGroup;
			children = (
				DA00A47C1D23A9E900CDEA7B /* Components */,
				DA00A4811D23A9E900CDEA7B /* Controllers */,
				DA00A4871D23A9E900CDEA7B /* ExtraLibraries */,
				938E085F1D335D7B00CAAFDA /* Models */,
				938E08591D2677CA00CAAFDA /* Views */,
				DA00A4891D23A9E900CDEA7B /* Resources */,
				DA00A44C1D237BEA00CDEA7B /* AppDelegate.swift */,
				DA00A4571D237BEA00CDEA7B /* LaunchScreen.storyboard */,
				DA00A45A1D237BEA00CDEA7B /* Info.plist */,
			);
			path = icaew;
			sourceTree = "<group>";
		};
		DA00A4621D237BEA00CDEA7B /* icaewTests */ = {
			isa = PBXGroup;
			children = (
				DA00A4631D237BEA00CDEA7B /* icaewTests.swift */,
				DA00A4651D237BEA00CDEA7B /* Info.plist */,
			);
			path = icaewTests;
			sourceTree = "<group>";
		};
		DA00A46D1D237BEA00CDEA7B /* icaewUITests */ = {
			isa = PBXGroup;
			children = (
				DA00A46E1D237BEA00CDEA7B /* icaewUITests.swift */,
				DA00A4701D237BEA00CDEA7B /* Info.plist */,
			);
			path = icaewUITests;
			sourceTree = "<group>";
		};
		DA00A47C1D23A9E900CDEA7B /* Components */ = {
			isa = PBXGroup;
			children = (
				DA00A47D1D23A9E900CDEA7B /* APIHelper.swift */,
				DA00A47E1D23A9E900CDEA7B /* FoundationHelper.swift */,
				DA00A47F1D23A9E900CDEA7B /* NetworkHelper.swift */,
				DA00A4801D23A9E900CDEA7B /* UIKitHelper.swift */,
			);
			path = Components;
			sourceTree = "<group>";
		};
		DA00A4811D23A9E900CDEA7B /* Controllers */ = {
			isa = PBXGroup;
			children = (
				DA00A4821D23A9E900CDEA7B /* About */,
				DA00A4831D23A9E900CDEA7B /* Contact */,
				DA00A4841D23A9E900CDEA7B /* Events */,
				DA00A4851D23A9E900CDEA7B /* Programmes */,
				DA00A4861D23A9E900CDEA7B /* Universities */,
				DA00A4901D23BA6300CDEA7B /* BaseTabBarController.swift */,
				DA00A4911D23BA6300CDEA7B /* BaseViewController.swift */,
				DA0E07831D33A35100E5A29C /* CountryViewController.swift */,
				DA0E07841D33A35100E5A29C /* CountryViewController.xib */,
			);
			path = Controllers;
			sourceTree = "<group>";
		};
		DA00A4821D23A9E900CDEA7B /* About */ = {
			isa = PBXGroup;
			children = (
				DA00A4A01D23BB2700CDEA7B /* AboutViewController.swift */,
				DA00A4A11D23BB2700CDEA7B /* AboutViewController.xib */,
			);
			path = About;
			sourceTree = "<group>";
		};
		DA00A4831D23A9E900CDEA7B /* Contact */ = {
			isa = PBXGroup;
			children = (
				DA00A4A41D23BB4500CDEA7B /* ContactCountryListViewController.swift */,
				DA00A4A51D23BB4500CDEA7B /* ContactCountryListViewController.xib */,
				9312D09A1D33A4D300B00E8C /* ContactDetailViewController.swift */,
				9312D09B1D33A4D300B00E8C /* ContactDetailViewController.xib */,
			);
			path = Contact;
			sourceTree = "<group>";
		};
		DA00A4841D23A9E900CDEA7B /* Events */ = {
			isa = PBXGroup;
			children = (
				9312D0AE1D350C9F00B00E8C /* EventListViewController.swift */,
				9312D0AF1D350C9F00B00E8C /* EventListViewController.xib */,
			);
			path = Events;
			sourceTree = "<group>";
		};
		DA00A4851D23A9E900CDEA7B /* Programmes */ = {
			isa = PBXGroup;
			children = (
				DA00A4941D23BA8600CDEA7B /* ProgrammesViewController.swift */,
				DA00A4951D23BA8600CDEA7B /* ProgrammesViewController.xib */,
				9312D0961D33872300B00E8C /* ProgrammeDetailViewController.swift */,
				9312D0971D33872300B00E8C /* ProgrammeDetailViewController.xib */,
			);
			path = Programmes;
			sourceTree = "<group>";
		};
		DA00A4861D23A9E900CDEA7B /* Universities */ = {
			isa = PBXGroup;
			children = (
				DA1D185E1D34FE23002386E0 /* UniversityDetailViewController.swift */,
				DA1D185F1D34FE23002386E0 /* UniversityDetailViewController.xib */,
			);
			path = Universities;
			sourceTree = "<group>";
		};
		DA00A4871D23A9E900CDEA7B /* ExtraLibraries */ = {
			isa = PBXGroup;
			children = (
			);
			path = ExtraLibraries;
			sourceTree = "<group>";
		};
		DA00A4891D23A9E900CDEA7B /* Resources */ = {
			isa = PBXGroup;
			children = (
				DA00A48A1D23A9E900CDEA7B /* Assets.xcassets */,
			);
			path = Resources;
			sourceTree = "<group>";
		};
/* End PBXGroup section */

/* Begin PBXNativeTarget section */
		DA00A4481D237BEA00CDEA7B /* icaew */ = {
			isa = PBXNativeTarget;
			buildConfigurationList = DA00A4731D237BEA00CDEA7B /* Build configuration list for PBXNativeTarget "icaew" */;
			buildPhases = (
				CCAA4F5DE09BAB1BD3941EB8 /* [CP] Check Pods Manifest.lock */,
				62C1C43940FE9EA93D607B40 /* [CP] Check Pods Manifest.lock */,
				DA00A4451D237BEA00CDEA7B /* Sources */,
				DA00A4461D237BEA00CDEA7B /* Frameworks */,
				DA00A4471D237BEA00CDEA7B /* Resources */,
				774F058CFD5F6DF2FEE4411D /* [CP] Embed Pods Frameworks */,
				22CD0A91F566F7A2658E0752 /* [CP] Copy Pods Resources */,
				3E0CA8C9E3F20A0EF378ADCF /* 📦 Embed Pods Frameworks */,
				196D2B5B945EE40EBEAF4F9E /* 📦 Copy Pods Resources */,
			);
			buildRules = (
			);
			dependencies = (
			);
			name = icaew;
			productName = icaew;
			productReference = DA00A4491D237BEA00CDEA7B /* icaew.app */;
			productType = "com.apple.product-type.application";
		};
		DA00A45E1D237BEA00CDEA7B /* icaewTests */ = {
			isa = PBXNativeTarget;
			buildConfigurationList = DA00A4761D237BEA00CDEA7B /* Build configuration list for PBXNativeTarget "icaewTests" */;
			buildPhases = (
				58E2829A1CE4B34E3F6ACE62 /* [CP] Check Pods Manifest.lock */,
				84DAEA3BD48FB017F7708C21 /* [CP] Check Pods Manifest.lock */,
				DA00A45B1D237BEA00CDEA7B /* Sources */,
				DA00A45C1D237BEA00CDEA7B /* Frameworks */,
				DA00A45D1D237BEA00CDEA7B /* Resources */,
				0AAA46B8471C1A624DCADCCB /* [CP] Embed Pods Frameworks */,
				F9D7CC23F497D3208E36BB92 /* [CP] Copy Pods Resources */,
				2087DDEAA5496D3E05536100 /* 📦 Embed Pods Frameworks */,
				6058EFA530E5BF55FB10FBCA /* 📦 Copy Pods Resources */,
			);
			buildRules = (
			);
			dependencies = (
				DA00A4611D237BEA00CDEA7B /* PBXTargetDependency */,
			);
			name = icaewTests;
			productName = icaewTests;
			productReference = DA00A45F1D237BEA00CDEA7B /* icaewTests.xctest */;
			productType = "com.apple.product-type.bundle.unit-test";
		};
		DA00A4691D237BEA00CDEA7B /* icaewUITests */ = {
			isa = PBXNativeTarget;
			buildConfigurationList = DA00A4791D237BEA00CDEA7B /* Build configuration list for PBXNativeTarget "icaewUITests" */;
			buildPhases = (
				05CF33F0336FE2BE25E6F2A6 /* [CP] Check Pods Manifest.lock */,
				0787F1B0822A9806C20DEB0D /* [CP] Check Pods Manifest.lock */,
				DA00A4661D237BEA00CDEA7B /* Sources */,
				DA00A4671D237BEA00CDEA7B /* Frameworks */,
				DA00A4681D237BEA00CDEA7B /* Resources */,
				2EEA73E258A446040A9C8D83 /* [CP] Copy Pods Resources */,
				79C77BC795A487AC5AB743C8 /* 📦 Copy Pods Resources */,
			);
			buildRules = (
			);
			dependencies = (
				DA00A46C1D237BEA00CDEA7B /* PBXTargetDependency */,
			);
			name = icaewUITests;
			productName = icaewUITests;
			productReference = DA00A46A1D237BEA00CDEA7B /* icaewUITests.xctest */;
			productType = "com.apple.product-type.bundle.ui-testing";
		};
/* End PBXNativeTarget section */

/* Begin PBXProject section */
		DA00A4411D237BE900CDEA7B /* Project object */ = {
			isa = PBXProject;
			attributes = {
				LastSwiftUpdateCheck = 0730;
				LastUpgradeCheck = 0730;
				ORGANIZATIONNAME = Jiggie;
				TargetAttributes = {
					DA00A4481D237BEA00CDEA7B = {
						CreatedOnToolsVersion = 7.3;
					};
					DA00A45E1D237BEA00CDEA7B = {
						CreatedOnToolsVersion = 7.3;
						TestTargetID = DA00A4481D237BEA00CDEA7B;
					};
					DA00A4691D237BEA00CDEA7B = {
						CreatedOnToolsVersion = 7.3;
						TestTargetID = DA00A4481D237BEA00CDEA7B;
					};
				};
			};
			buildConfigurationList = DA00A4441D237BE900CDEA7B /* Build configuration list for PBXProject "icaew" */;
			compatibilityVersion = "Xcode 3.2";
			developmentRegion = English;
			hasScannedForEncodings = 0;
			knownRegions = (
				en,
				Base,
			);
			mainGroup = DA00A4401D237BE900CDEA7B;
			productRefGroup = DA00A44A1D237BEA00CDEA7B /* Products */;
			projectDirPath = "";
			projectRoot = "";
			targets = (
				DA00A4481D237BEA00CDEA7B /* icaew */,
				DA00A45E1D237BEA00CDEA7B /* icaewTests */,
				DA00A4691D237BEA00CDEA7B /* icaewUITests */,
			);
		};
/* End PBXProject section */

/* Begin PBXResourcesBuildPhase section */
		DA00A4471D237BEA00CDEA7B /* Resources */ = {
			isa = PBXResourcesBuildPhase;
			buildActionMask = 2147483647;
			files = (
				DA1D185D1D34DDEE002386E0 /* CountryCell.xib in Resources */,
				DA0E07861D33A35100E5A29C /* CountryViewController.xib in Resources */,
				DA00A4971D23BA8600CDEA7B /* ProgrammesViewController.xib in Resources */,
				DA00A4591D237BEA00CDEA7B /* LaunchScreen.storyboard in Resources */,
				9312D09D1D33A4D300B00E8C /* ContactDetailViewController.xib in Resources */,
				9312D0991D33872300B00E8C /* ProgrammeDetailViewController.xib in Resources */,
				DA00A4A71D23BB4500CDEA7B /* ContactCountryListViewController.xib in Resources */,
				938E085E1D2677E200CAAFDA /* ProgrammesTableViewCell.xib in Resources */,
				DA0E07821D33861F00E5A29C /* DynamicTextCell.xib in Resources */,
				DA00A48F1D23A9E900CDEA7B /* Assets.xcassets in Resources */,
				9312D0B11D350C9F00B00E8C /* EventListViewController.xib in Resources */,
				DA00A4A31D23BB2700CDEA7B /* AboutViewController.xib in Resources */,
				DA1D18611D34FE23002386E0 /* UniversityDetailViewController.xib in Resources */,
			);
			runOnlyForDeploymentPostprocessing = 0;
		};
		DA00A45D1D237BEA00CDEA7B /* Resources */ = {
			isa = PBXResourcesBuildPhase;
			buildActionMask = 2147483647;
			files = (
			);
			runOnlyForDeploymentPostprocessing = 0;
		};
		DA00A4681D237BEA00CDEA7B /* Resources */ = {
			isa = PBXResourcesBuildPhase;
			buildActionMask = 2147483647;
			files = (
			);
			runOnlyForDeploymentPostprocessing = 0;
		};
/* End PBXResourcesBuildPhase section */

/* Begin PBXShellScriptBuildPhase section */
		05CF33F0336FE2BE25E6F2A6 /* [CP] Check Pods Manifest.lock */ = {
			isa = PBXShellScriptBuildPhase;
			buildActionMask = 2147483647;
			files = (
			);
			inputPaths = (
			);
			name = "[CP] Check Pods Manifest.lock";
			outputPaths = (
			);
			runOnlyForDeploymentPostprocessing = 0;
			shellPath = /bin/sh;
			shellScript = "diff \"${PODS_ROOT}/../Podfile.lock\" \"${PODS_ROOT}/Manifest.lock\" > /dev/null\nif [[ $? != 0 ]] ; then\n    cat << EOM\nerror: The sandbox is not in sync with the Podfile.lock. Run 'pod install' or update your CocoaPods installation.\nEOM\n    exit 1\nfi\n";
			showEnvVarsInLog = 0;
		};
		0787F1B0822A9806C20DEB0D /* [CP] Check Pods Manifest.lock */ = {
			isa = PBXShellScriptBuildPhase;
			buildActionMask = 2147483647;
			files = (
			);
			inputPaths = (
			);
			name = "[CP] Check Pods Manifest.lock";
			outputPaths = (
			);
			runOnlyForDeploymentPostprocessing = 0;
			shellPath = /bin/sh;
			shellScript = "diff \"${PODS_ROOT}/../Podfile.lock\" \"${PODS_ROOT}/Manifest.lock\" > /dev/null\nif [[ $? != 0 ]] ; then\n    cat << EOM\nerror: The sandbox is not in sync with the Podfile.lock. Run 'pod install' or update your CocoaPods installation.\nEOM\n    exit 1\nfi\n";
			showEnvVarsInLog = 0;
		};
		0AAA46B8471C1A624DCADCCB /* [CP] Embed Pods Frameworks */ = {
			isa = PBXShellScriptBuildPhase;
			buildActionMask = 2147483647;
			files = (
			);
			inputPaths = (
			);
			name = "[CP] Embed Pods Frameworks";
			outputPaths = (
			);
			runOnlyForDeploymentPostprocessing = 0;
			shellPath = /bin/sh;
			shellScript = "\"${SRCROOT}/Pods/Target Support Files/Pods-icaewTests/Pods-icaewTests-frameworks.sh\"\n";
			showEnvVarsInLog = 0;
		};
		196D2B5B945EE40EBEAF4F9E /* 📦 Copy Pods Resources */ = {
			isa = PBXShellScriptBuildPhase;
			buildActionMask = 2147483647;
			files = (
			);
			inputPaths = (
			);
			name = "📦 Copy Pods Resources";
			outputPaths = (
			);
			runOnlyForDeploymentPostprocessing = 0;
			shellPath = /bin/sh;
			shellScript = "\"${SRCROOT}/Pods/Target Support Files/Pods-icaew/Pods-icaew-resources.sh\"\n";
			showEnvVarsInLog = 0;
		};
		2087DDEAA5496D3E05536100 /* 📦 Embed Pods Frameworks */ = {
			isa = PBXShellScriptBuildPhase;
			buildActionMask = 2147483647;
			files = (
			);
			inputPaths = (
			);
			name = "📦 Embed Pods Frameworks";
			outputPaths = (
			);
			runOnlyForDeploymentPostprocessing = 0;
			shellPath = /bin/sh;
			shellScript = "\"${SRCROOT}/Pods/Target Support Files/Pods-icaewTests/Pods-icaewTests-frameworks.sh\"\n";
			showEnvVarsInLog = 0;
		};
		22CD0A91F566F7A2658E0752 /* [CP] Copy Pods Resources */ = {
			isa = PBXShellScriptBuildPhase;
			buildActionMask = 2147483647;
			files = (
			);
			inputPaths = (
			);
			name = "[CP] Copy Pods Resources";
			outputPaths = (
			);
			runOnlyForDeploymentPostprocessing = 0;
			shellPath = /bin/sh;
			shellScript = "\"${SRCROOT}/Pods/Target Support Files/Pods-icaew/Pods-icaew-resources.sh\"\n";
			showEnvVarsInLog = 0;
		};
		2EEA73E258A446040A9C8D83 /* [CP] Copy Pods Resources */ = {
			isa = PBXShellScriptBuildPhase;
			buildActionMask = 2147483647;
			files = (
			);
			inputPaths = (
			);
			name = "[CP] Copy Pods Resources";
			outputPaths = (
			);
			runOnlyForDeploymentPostprocessing = 0;
			shellPath = /bin/sh;
			shellScript = "\"${SRCROOT}/Pods/Target Support Files/Pods-icaewUITests/Pods-icaewUITests-resources.sh\"\n";
			showEnvVarsInLog = 0;
		};
		3E0CA8C9E3F20A0EF378ADCF /* 📦 Embed Pods Frameworks */ = {
			isa = PBXShellScriptBuildPhase;
			buildActionMask = 2147483647;
			files = (
			);
			inputPaths = (
			);
			name = "📦 Embed Pods Frameworks";
			outputPaths = (
			);
			runOnlyForDeploymentPostprocessing = 0;
			shellPath = /bin/sh;
			shellScript = "\"${SRCROOT}/Pods/Target Support Files/Pods-icaew/Pods-icaew-frameworks.sh\"\n";
			showEnvVarsInLog = 0;
		};
		58E2829A1CE4B34E3F6ACE62 /* [CP] Check Pods Manifest.lock */ = {
			isa = PBXShellScriptBuildPhase;
			buildActionMask = 2147483647;
			files = (
			);
			inputPaths = (
			);
			name = "[CP] Check Pods Manifest.lock";
			outputPaths = (
			);
			runOnlyForDeploymentPostprocessing = 0;
			shellPath = /bin/sh;
			shellScript = "diff \"${PODS_ROOT}/../Podfile.lock\" \"${PODS_ROOT}/Manifest.lock\" > /dev/null\nif [[ $? != 0 ]] ; then\n    cat << EOM\nerror: The sandbox is not in sync with the Podfile.lock. Run 'pod install' or update your CocoaPods installation.\nEOM\n    exit 1\nfi\n";
			showEnvVarsInLog = 0;
		};
		6058EFA530E5BF55FB10FBCA /* 📦 Copy Pods Resources */ = {
			isa = PBXShellScriptBuildPhase;
			buildActionMask = 2147483647;
			files = (
			);
			inputPaths = (
			);
			name = "📦 Copy Pods Resources";
			outputPaths = (
			);
			runOnlyForDeploymentPostprocessing = 0;
			shellPath = /bin/sh;
			shellScript = "\"${SRCROOT}/Pods/Target Support Files/Pods-icaewTests/Pods-icaewTests-resources.sh\"\n";
			showEnvVarsInLog = 0;
		};
		62C1C43940FE9EA93D607B40 /* [CP] Check Pods Manifest.lock */ = {
			isa = PBXShellScriptBuildPhase;
			buildActionMask = 2147483647;
			files = (
			);
			inputPaths = (
			);
			name = "[CP] Check Pods Manifest.lock";
			outputPaths = (
			);
			runOnlyForDeploymentPostprocessing = 0;
			shellPath = /bin/sh;
			shellScript = "diff \"${PODS_ROOT}/../Podfile.lock\" \"${PODS_ROOT}/Manifest.lock\" > /dev/null\nif [[ $? != 0 ]] ; then\n    cat << EOM\nerror: The sandbox is not in sync with the Podfile.lock. Run 'pod install' or update your CocoaPods installation.\nEOM\n    exit 1\nfi\n";
			showEnvVarsInLog = 0;
		};
		774F058CFD5F6DF2FEE4411D /* [CP] Embed Pods Frameworks */ = {
			isa = PBXShellScriptBuildPhase;
			buildActionMask = 2147483647;
			files = (
			);
			inputPaths = (
			);
			name = "[CP] Embed Pods Frameworks";
			outputPaths = (
			);
			runOnlyForDeploymentPostprocessing = 0;
			shellPath = /bin/sh;
			shellScript = "\"${SRCROOT}/Pods/Target Support Files/Pods-icaew/Pods-icaew-frameworks.sh\"\n";
			showEnvVarsInLog = 0;
		};
		79C77BC795A487AC5AB743C8 /* 📦 Copy Pods Resources */ = {
			isa = PBXShellScriptBuildPhase;
			buildActionMask = 2147483647;
			files = (
			);
			inputPaths = (
			);
			name = "📦 Copy Pods Resources";
			outputPaths = (
			);
			runOnlyForDeploymentPostprocessing = 0;
			shellPath = /bin/sh;
			shellScript = "\"${SRCROOT}/Pods/Target Support Files/Pods-icaewUITests/Pods-icaewUITests-resources.sh\"\n";
			showEnvVarsInLog = 0;
		};
		84DAEA3BD48FB017F7708C21 /* [CP] Check Pods Manifest.lock */ = {
			isa = PBXShellScriptBuildPhase;
			buildActionMask = 2147483647;
			files = (
			);
			inputPaths = (
			);
			name = "[CP] Check Pods Manifest.lock";
			outputPaths = (
			);
			runOnlyForDeploymentPostprocessing = 0;
			shellPath = /bin/sh;
			shellScript = "diff \"${PODS_ROOT}/../Podfile.lock\" \"${PODS_ROOT}/Manifest.lock\" > /dev/null\nif [[ $? != 0 ]] ; then\n    cat << EOM\nerror: The sandbox is not in sync with the Podfile.lock. Run 'pod install' or update your CocoaPods installation.\nEOM\n    exit 1\nfi\n";
			showEnvVarsInLog = 0;
		};
		CCAA4F5DE09BAB1BD3941EB8 /* [CP] Check Pods Manifest.lock */ = {
			isa = PBXShellScriptBuildPhase;
			buildActionMask = 2147483647;
			files = (
			);
			inputPaths = (
			);
			name = "[CP] Check Pods Manifest.lock";
			outputPaths = (
			);
			runOnlyForDeploymentPostprocessing = 0;
			shellPath = /bin/sh;
			shellScript = "diff \"${PODS_ROOT}/../Podfile.lock\" \"${PODS_ROOT}/Manifest.lock\" > /dev/null\nif [[ $? != 0 ]] ; then\n    cat << EOM\nerror: The sandbox is not in sync with the Podfile.lock. Run 'pod install' or update your CocoaPods installation.\nEOM\n    exit 1\nfi\n";
			showEnvVarsInLog = 0;
		};
		F9D7CC23F497D3208E36BB92 /* [CP] Copy Pods Resources */ = {
			isa = PBXShellScriptBuildPhase;
			buildActionMask = 2147483647;
			files = (
			);
			inputPaths = (
			);
			name = "[CP] Copy Pods Resources";
			outputPaths = (
			);
			runOnlyForDeploymentPostprocessing = 0;
			shellPath = /bin/sh;
			shellScript = "\"${SRCROOT}/Pods/Target Support Files/Pods-icaewTests/Pods-icaewTests-resources.sh\"\n";
			showEnvVarsInLog = 0;
		};
/* End PBXShellScriptBuildPhase section */

/* Begin PBXSourcesBuildPhase section */
		DA00A4451D237BEA00CDEA7B /* Sources */ = {
			isa = PBXSourcesBuildPhase;
			buildActionMask = 2147483647;
			files = (
				9312D09F1D33AA4400B00E8C /* Contact.swift in Sources */,
				938E08611D335D9A00CAAFDA /* Programme.swift in Sources */,
				DA00A48C1D23A9E900CDEA7B /* FoundationHelper.swift in Sources */,
				DA00A48B1D23A9E900CDEA7B /* APIHelper.swift in Sources */,
				9312D0A91D35032900B00E8C /* Event.swift in Sources */,
				DA0E07811D33861F00E5A29C /* DynamicTextCell.swift in Sources */,
				DA0E07851D33A35100E5A29C /* CountryViewController.swift in Sources */,
				DA00A4A21D23BB2700CDEA7B /* AboutViewController.swift in Sources */,
				DA00A4921D23BA6300CDEA7B /* BaseTabBarController.swift in Sources */,
				DA00A4A61D23BB4500CDEA7B /* ContactCountryListViewController.swift in Sources */,
				DA00A44D1D237BEA00CDEA7B /* AppDelegate.swift in Sources */,
				9312D0B01D350C9F00B00E8C /* EventListViewController.swift in Sources */,
				DA00A48D1D23A9E900CDEA7B /* NetworkHelper.swift in Sources */,
				DA1D18591D34D5B6002386E0 /* Country.swift in Sources */,
				DA1D185C1D34DDEE002386E0 /* CountryCell.swift in Sources */,
				DA1D18601D34FE23002386E0 /* UniversityDetailViewController.swift in Sources */,
				DA00A4961D23BA8600CDEA7B /* ProgrammesViewController.swift in Sources */,
				DA00A4931D23BA6300CDEA7B /* BaseViewController.swift in Sources */,
				DA00A48E1D23A9E900CDEA7B /* UIKitHelper.swift in Sources */,
				9312D09C1D33A4D300B00E8C /* ContactDetailViewController.swift in Sources */,
				938E085D1D2677E200CAAFDA /* ProgrammesTableViewCell.swift in Sources */,
				9312D0981D33872300B00E8C /* ProgrammeDetailViewController.swift in Sources */,
			);
			runOnlyForDeploymentPostprocessing = 0;
		};
		DA00A45B1D237BEA00CDEA7B /* Sources */ = {
			isa = PBXSourcesBuildPhase;
			buildActionMask = 2147483647;
			files = (
				DA00A4641D237BEA00CDEA7B /* icaewTests.swift in Sources */,
			);
			runOnlyForDeploymentPostprocessing = 0;
		};
		DA00A4661D237BEA00CDEA7B /* Sources */ = {
			isa = PBXSourcesBuildPhase;
			buildActionMask = 2147483647;
			files = (
				DA00A46F1D237BEA00CDEA7B /* icaewUITests.swift in Sources */,
			);
			runOnlyForDeploymentPostprocessing = 0;
		};
/* End PBXSourcesBuildPhase section */

/* Begin PBXTargetDependency section */
		DA00A4611D237BEA00CDEA7B /* PBXTargetDependency */ = {
			isa = PBXTargetDependency;
			target = DA00A4481D237BEA00CDEA7B /* icaew */;
			targetProxy = DA00A4601D237BEA00CDEA7B /* PBXContainerItemProxy */;
		};
		DA00A46C1D237BEA00CDEA7B /* PBXTargetDependency */ = {
			isa = PBXTargetDependency;
			target = DA00A4481D237BEA00CDEA7B /* icaew */;
			targetProxy = DA00A46B1D237BEA00CDEA7B /* PBXContainerItemProxy */;
		};
/* End PBXTargetDependency section */

/* Begin PBXVariantGroup section */
		DA00A4571D237BEA00CDEA7B /* LaunchScreen.storyboard */ = {
			isa = PBXVariantGroup;
			children = (
				DA00A4581D237BEA00CDEA7B /* Base */,
			);
			name = LaunchScreen.storyboard;
			sourceTree = "<group>";
		};
/* End PBXVariantGroup section */

/* Begin XCBuildConfiguration section */
		DA00A4711D237BEA00CDEA7B /* Debug */ = {
			isa = XCBuildConfiguration;
			buildSettings = {
				ALWAYS_SEARCH_USER_PATHS = NO;
				CLANG_ANALYZER_NONNULL = YES;
				CLANG_CXX_LANGUAGE_STANDARD = "gnu++0x";
				CLANG_CXX_LIBRARY = "libc++";
				CLANG_ENABLE_MODULES = YES;
				CLANG_ENABLE_OBJC_ARC = YES;
				CLANG_WARN_BOOL_CONVERSION = YES;
				CLANG_WARN_CONSTANT_CONVERSION = YES;
				CLANG_WARN_DIRECT_OBJC_ISA_USAGE = YES_ERROR;
				CLANG_WARN_EMPTY_BODY = YES;
				CLANG_WARN_ENUM_CONVERSION = YES;
				CLANG_WARN_INT_CONVERSION = YES;
				CLANG_WARN_OBJC_ROOT_CLASS = YES_ERROR;
				CLANG_WARN_UNREACHABLE_CODE = YES;
				CLANG_WARN__DUPLICATE_METHOD_MATCH = YES;
				"CODE_SIGN_IDENTITY[sdk=iphoneos*]" = "iPhone Developer";
				COPY_PHASE_STRIP = NO;
				DEBUG_INFORMATION_FORMAT = dwarf;
				ENABLE_STRICT_OBJC_MSGSEND = YES;
				ENABLE_TESTABILITY = YES;
				GCC_C_LANGUAGE_STANDARD = gnu99;
				GCC_DYNAMIC_NO_PIC = NO;
				GCC_NO_COMMON_BLOCKS = YES;
				GCC_OPTIMIZATION_LEVEL = 0;
				GCC_PREPROCESSOR_DEFINITIONS = (
					"DEBUG=1",
					"$(inherited)",
				);
				GCC_WARN_64_TO_32_BIT_CONVERSION = YES;
				GCC_WARN_ABOUT_RETURN_TYPE = YES_ERROR;
				GCC_WARN_UNDECLARED_SELECTOR = YES;
				GCC_WARN_UNINITIALIZED_AUTOS = YES_AGGRESSIVE;
				GCC_WARN_UNUSED_FUNCTION = YES;
				GCC_WARN_UNUSED_VARIABLE = YES;
				IPHONEOS_DEPLOYMENT_TARGET = 9.3;
				MTL_ENABLE_DEBUG_INFO = YES;
				ONLY_ACTIVE_ARCH = YES;
				SDKROOT = iphoneos;
				SWIFT_OPTIMIZATION_LEVEL = "-Onone";
			};
			name = Debug;
		};
		DA00A4721D237BEA00CDEA7B /* Release */ = {
			isa = XCBuildConfiguration;
			buildSettings = {
				ALWAYS_SEARCH_USER_PATHS = NO;
				CLANG_ANALYZER_NONNULL = YES;
				CLANG_CXX_LANGUAGE_STANDARD = "gnu++0x";
				CLANG_CXX_LIBRARY = "libc++";
				CLANG_ENABLE_MODULES = YES;
				CLANG_ENABLE_OBJC_ARC = YES;
				CLANG_WARN_BOOL_CONVERSION = YES;
				CLANG_WARN_CONSTANT_CONVERSION = YES;
				CLANG_WARN_DIRECT_OBJC_ISA_USAGE = YES_ERROR;
				CLANG_WARN_EMPTY_BODY = YES;
				CLANG_WARN_ENUM_CONVERSION = YES;
				CLANG_WARN_INT_CONVERSION = YES;
				CLANG_WARN_OBJC_ROOT_CLASS = YES_ERROR;
				CLANG_WARN_UNREACHABLE_CODE = YES;
				CLANG_WARN__DUPLICATE_METHOD_MATCH = YES;
				"CODE_SIGN_IDENTITY[sdk=iphoneos*]" = "iPhone Developer";
				COPY_PHASE_STRIP = NO;
				DEBUG_INFORMATION_FORMAT = "dwarf-with-dsym";
				ENABLE_NS_ASSERTIONS = NO;
				ENABLE_STRICT_OBJC_MSGSEND = YES;
				GCC_C_LANGUAGE_STANDARD = gnu99;
				GCC_NO_COMMON_BLOCKS = YES;
				GCC_WARN_64_TO_32_BIT_CONVERSION = YES;
				GCC_WARN_ABOUT_RETURN_TYPE = YES_ERROR;
				GCC_WARN_UNDECLARED_SELECTOR = YES;
				GCC_WARN_UNINITIALIZED_AUTOS = YES_AGGRESSIVE;
				GCC_WARN_UNUSED_FUNCTION = YES;
				GCC_WARN_UNUSED_VARIABLE = YES;
				IPHONEOS_DEPLOYMENT_TARGET = 9.3;
				MTL_ENABLE_DEBUG_INFO = NO;
				SDKROOT = iphoneos;
				VALIDATE_PRODUCT = YES;
			};
			name = Release;
		};
		DA00A4741D237BEA00CDEA7B /* Debug */ = {
			isa = XCBuildConfiguration;
			baseConfigurationReference = 08968D4F3618A0714F4C0069 /* Pods-icaew.debug.xcconfig */;
			buildSettings = {
				ASSETCATALOG_COMPILER_APPICON_NAME = AppIcon;
				CLANG_ENABLE_MODULES = YES;
				INFOPLIST_FILE = icaew/Info.plist;
				IPHONEOS_DEPLOYMENT_TARGET = 8.0;
				LD_RUNPATH_SEARCH_PATHS = "$(inherited) @executable_path/Frameworks";
				PRODUCT_BUNDLE_IDENTIFIER = com.partyhost.icaew;
				PRODUCT_NAME = "$(TARGET_NAME)";
				SWIFT_OPTIMIZATION_LEVEL = "-Onone";
			};
			name = Debug;
		};
		DA00A4751D237BEA00CDEA7B /* Release */ = {
			isa = XCBuildConfiguration;
			baseConfigurationReference = 943C322C20F90EBC1B26C217 /* Pods-icaew.release.xcconfig */;
			buildSettings = {
				ASSETCATALOG_COMPILER_APPICON_NAME = AppIcon;
				CLANG_ENABLE_MODULES = YES;
				INFOPLIST_FILE = icaew/Info.plist;
				IPHONEOS_DEPLOYMENT_TARGET = 8.0;
				LD_RUNPATH_SEARCH_PATHS = "$(inherited) @executable_path/Frameworks";
				PRODUCT_BUNDLE_IDENTIFIER = com.partyhost.icaew;
				PRODUCT_NAME = "$(TARGET_NAME)";
			};
			name = Release;
		};
		DA00A4771D237BEA00CDEA7B /* Debug */ = {
			isa = XCBuildConfiguration;
			baseConfigurationReference = 2FF94DF2B21FEBA56FDBBBB7 /* Pods-icaewTests.debug.xcconfig */;
			buildSettings = {
				BUNDLE_LOADER = "$(TEST_HOST)";
				INFOPLIST_FILE = icaewTests/Info.plist;
				LD_RUNPATH_SEARCH_PATHS = "$(inherited) @executable_path/Frameworks @loader_path/Frameworks";
				PRODUCT_BUNDLE_IDENTIFIER = com.partyhost.icaewTests;
				PRODUCT_NAME = "$(TARGET_NAME)";
				TEST_HOST = "$(BUILT_PRODUCTS_DIR)/icaew.app/icaew";
			};
			name = Debug;
		};
		DA00A4781D237BEA00CDEA7B /* Release */ = {
			isa = XCBuildConfiguration;
			baseConfigurationReference = DF3D20665CF70BA7270597B9 /* Pods-icaewTests.release.xcconfig */;
			buildSettings = {
				BUNDLE_LOADER = "$(TEST_HOST)";
				INFOPLIST_FILE = icaewTests/Info.plist;
				LD_RUNPATH_SEARCH_PATHS = "$(inherited) @executable_path/Frameworks @loader_path/Frameworks";
				PRODUCT_BUNDLE_IDENTIFIER = com.partyhost.icaewTests;
				PRODUCT_NAME = "$(TARGET_NAME)";
				TEST_HOST = "$(BUILT_PRODUCTS_DIR)/icaew.app/icaew";
			};
			name = Release;
		};
		DA00A47A1D237BEA00CDEA7B /* Debug */ = {
			isa = XCBuildConfiguration;
			baseConfigurationReference = 780F19071E0500EBF17C24BF /* Pods-icaewUITests.debug.xcconfig */;
			buildSettings = {
				INFOPLIST_FILE = icaewUITests/Info.plist;
				LD_RUNPATH_SEARCH_PATHS = "$(inherited) @executable_path/Frameworks @loader_path/Frameworks";
				PRODUCT_BUNDLE_IDENTIFIER = com.partyhost.icaewUITests;
				PRODUCT_NAME = "$(TARGET_NAME)";
				TEST_TARGET_NAME = icaew;
			};
			name = Debug;
		};
		DA00A47B1D237BEA00CDEA7B /* Release */ = {
			isa = XCBuildConfiguration;
			baseConfigurationReference = ECDFA172AD05F163FD57425C /* Pods-icaewUITests.release.xcconfig */;
			buildSettings = {
				INFOPLIST_FILE = icaewUITests/Info.plist;
				LD_RUNPATH_SEARCH_PATHS = "$(inherited) @executable_path/Frameworks @loader_path/Frameworks";
				PRODUCT_BUNDLE_IDENTIFIER = com.partyhost.icaewUITests;
				PRODUCT_NAME = "$(TARGET_NAME)";
				TEST_TARGET_NAME = icaew;
			};
			name = Release;
		};
/* End XCBuildConfiguration section */

/* Begin XCConfigurationList section */
		DA00A4441D237BE900CDEA7B /* Build configuration list for PBXProject "icaew" */ = {
			isa = XCConfigurationList;
			buildConfigurations = (
				DA00A4711D237BEA00CDEA7B /* Debug */,
				DA00A4721D237BEA00CDEA7B /* Release */,
			);
			defaultConfigurationIsVisible = 0;
			defaultConfigurationName = Release;
		};
		DA00A4731D237BEA00CDEA7B /* Build configuration list for PBXNativeTarget "icaew" */ = {
			isa = XCConfigurationList;
			buildConfigurations = (
				DA00A4741D237BEA00CDEA7B /* Debug */,
				DA00A4751D237BEA00CDEA7B /* Release */,
			);
			defaultConfigurationIsVisible = 0;
			defaultConfigurationName = Release;
		};
		DA00A4761D237BEA00CDEA7B /* Build configuration list for PBXNativeTarget "icaewTests" */ = {
			isa = XCConfigurationList;
			buildConfigurations = (
				DA00A4771D237BEA00CDEA7B /* Debug */,
				DA00A4781D237BEA00CDEA7B /* Release */,
			);
			defaultConfigurationIsVisible = 0;
			defaultConfigurationName = Release;
		};
		DA00A4791D237BEA00CDEA7B /* Build configuration list for PBXNativeTarget "icaewUITests" */ = {
			isa = XCConfigurationList;
			buildConfigurations = (
				DA00A47A1D237BEA00CDEA7B /* Debug */,
				DA00A47B1D237BEA00CDEA7B /* Release */,
			);
			defaultConfigurationIsVisible = 0;
			defaultConfigurationName = Release;
		};
/* End XCConfigurationList section */
	};
	rootObject = DA00A4411D237BE900CDEA7B /* Project object */;
}
